
Microsoft Visual Studio Solution File, Format Version 12.00
# Visual Studio Version 17
VisualStudioVersion = 17.0.31919.166
MinimumVisualStudioVersion = 10.0.40219.1
Project("{FAE04EC0-301F-11D3-BF4B-00C04F79EFBC}") = "Practice", "SumOfNum\Practice.csproj", "{8ECD6E4F-4C01-4664-ACAA-D7C84A6442EF}"
EndProject
Project("{FAE04EC0-301F-11D3-BF4B-00C04F79EFBC}") = "ArrayPractice", "ArrayPractice\ArrayPractice.csproj", "{FD5552E6-253A-4A83-83A9-EFBF1487129D}"
EndProject
Project("{FAE04EC0-301F-11D3-BF4B-00C04F79EFBC}") = "StringPractice", "StringPractice\StringPractice.csproj", "{2109CAB3-C83C-4F67-9120-A1D96C4AF204}"
EndProject
Project("{FAE04EC0-301F-11D3-BF4B-00C04F79EFBC}") = "BinarySearchAndSorting", "BinarySearch\BinarySearchAndSorting.csproj", "{BD65AC7B-87A3-4108-BBC7-7362D133E052}"
EndProject
Project("{FAE04EC0-301F-11D3-BF4B-00C04F79EFBC}") = "PascalTriangle", "PascalTriangle\PascalTriangle.csproj", "{2EF26941-C2D8-4B3B-AFE4-39E429E1CAC2}"
EndProject
Project("{FAE04EC0-301F-11D3-BF4B-00C04F79EFBC}") = "TowerOfHanoi", "TowerOfHanoi\TowerOfHanoi.csproj", "{8A73CA63-A572-40B1-9EBA-3A1FA837E62C}"
EndProject
Project("{FAE04EC0-301F-11D3-BF4B-00C04F79EFBC}") = "MazeProblem", "MazeProblem\MazeProblem.csproj", "{09CAB6A9-4EC0-4C86-84F0-419A60615DCE}"
EndProject
Project("{FAE04EC0-301F-11D3-BF4B-00C04F79EFBC}") = "Sorting", "Sorting\Sorting.csproj", "{D0D20C7A-F2BE-4966-A725-597F105B29B1}"
EndProject
Project("{FAE04EC0-301F-11D3-BF4B-00C04F79EFBC}") = "Practice2", "Practice2\Practice2.csproj", "{6529CE47-54D3-46D6-A3BE-F610BD0E512E}"
EndProject
Project("{FAE04EC0-301F-11D3-BF4B-00C04F79EFBC}") = "PrefixArray", "PrefixArray\PrefixArray.csproj", "{5DAD9099-FB49-4D3D-93A1-AF8BBA449453}"
EndProject
Project("{FAE04EC0-301F-11D3-BF4B-00C04F79EFBC}") = "BitwiseOperatorsConsoleApp", "BitwiseOperatorsConsoleApp\BitwiseOperatorsConsoleApp.csproj", "{AD91BA1F-074D-47AD-B4BE-AB3D9CCF0427}"
EndProject
Project("{FAE04EC0-301F-11D3-BF4B-00C04F79EFBC}") = "ModulerOperator", "ModulerOperator\ModulerOperator.csproj", "{63942885-5239-42FF-A2C4-62D3EAFF1DBE}"
EndProject
Project("{FAE04EC0-301F-11D3-BF4B-00C04F79EFBC}") = "Hashing", "Hashing\Hashing.csproj", "{31283395-C335-4BE3-BC6E-BB64964AA0D1}"
EndProject
Project("{FAE04EC0-301F-11D3-BF4B-00C04F79EFBC}") = "Recursion", "Recursion\Recursion.csproj", "{FAF2CF7E-A290-4A4B-B942-DDC4EDBA784E}"
EndProject
Project("{FAE04EC0-301F-11D3-BF4B-00C04F79EFBC}") = "SubsequencesSubsets", "SubsequencesSubsets\SubsequencesSubsets.csproj", "{E3F2F3B7-68AF-47F9-88F9-CE8A5D88AC25}"
EndProject
Project("{FAE04EC0-301F-11D3-BF4B-00C04F79EFBC}") = "LinkedList", "LinkedList\LinkedList.csproj", "{038235B4-FDAB-4EF1-A4DB-2F1E3D17E40B}"
EndProject
Project("{FAE04EC0-301F-11D3-BF4B-00C04F79EFBC}") = "Stack", "Stack\Stack.csproj", "{1A0E790C-0A9B-4CF8-87F9-3B3BDBB8169F}"
EndProject
Project("{FAE04EC0-301F-11D3-BF4B-00C04F79EFBC}") = "LeetCode", "LeetCode\LeetCode.csproj", "{A7BD0709-00F7-405D-8C57-6F13C84BF665}"
EndProject
Project("{FAE04EC0-301F-11D3-BF4B-00C04F79EFBC}") = "Trees", "Trees\Trees.csproj", "{FCECCCF2-9A99-4EF1-959B-A24897A4F748}"
EndProject
Project("{FAE04EC0-301F-11D3-BF4B-00C04F79EFBC}") = "AdvanceArray", "AdvanceArray\AdvanceArray.csproj", "{78FD9D14-E478-47B6-81D3-930D6F5549E2}"
EndProject
Project("{FAE04EC0-301F-11D3-BF4B-00C04F79EFBC}") = "GCD", "GCD\GCD.csproj", "{651B5254-B60D-4538-AB79-BC4B60C2395A}"
EndProject
Project("{FAE04EC0-301F-11D3-BF4B-00C04F79EFBC}") = "PrimeNumbers", "PrimeNumbers\PrimeNumbers.csproj", "{2BC09AEC-A4FE-4390-8094-9C9511608101}"
EndProject
Project("{FAE04EC0-301F-11D3-BF4B-00C04F79EFBC}") = "MathsCombinatorics", "MathsCombinatorics\MathsCombinatorics.csproj", "{8FE23E12-2D00-4AD4-8E52-DA5E219F39DB}"
EndProject
Project("{FAE04EC0-301F-11D3-BF4B-00C04F79EFBC}") = "MergeSort", "MergeSort\MergeSort.csproj", "{0D9BF1B6-E0E8-48AD-920C-D6710F6999B2}"
EndProject
Project("{FAE04EC0-301F-11D3-BF4B-00C04F79EFBC}") = "AdvanceBinarySearch", "AdvanceBinarySearch\AdvanceBinarySearch.csproj", "{B1507C95-D7D6-46FE-A1B6-38E5BFEE63DA}"
EndProject
Project("{FAE04EC0-301F-11D3-BF4B-00C04F79EFBC}") = "TwoPointers", "TwoPointers\TwoPointers.csproj", "{53DF6EBD-83E1-45AF-83C3-474DFCF13A86}"
EndProject
Project("{FAE04EC0-301F-11D3-BF4B-00C04F79EFBC}") = "AdvanceHashing", "AdvanceHashing\AdvanceHashing.csproj", "{0E241BA2-E89D-48E8-8AAF-657FCF63E439}"
EndProject
Project("{FAE04EC0-301F-11D3-BF4B-00C04F79EFBC}") = "StringsPatternMatching", "StringsPatternMatching\StringsPatternMatching.csproj", "{D4E8F21D-F81F-45AC-8E97-7AA62464E305}"
EndProject
Project("{FAE04EC0-301F-11D3-BF4B-00C04F79EFBC}") = "AdvanceLinkedList", "AdvanceLinkedList\AdvanceLinkedList.csproj", "{6E32620C-1D4A-4C64-96A8-AD6F7B2D6A65}"
EndProject
Project("{FAE04EC0-301F-11D3-BF4B-00C04F79EFBC}") = "AdvanceStack", "AdvanceStack\AdvanceStack.csproj", "{7849D9E1-F031-43C9-A0D7-32ADDB460CBF}"
EndProject
Project("{FAE04EC0-301F-11D3-BF4B-00C04F79EFBC}") = "AdvanceQueues", "AdvanceQueues\AdvanceQueues.csproj", "{2E45B7F9-D63C-47D3-A4CA-976E4790476D}"
EndProject
Project("{FAE04EC0-301F-11D3-BF4B-00C04F79EFBC}") = "AdvanceContest2", "AdvanceContest2\AdvanceContest2.csproj", "{58B92BEA-20A8-48DE-B5B1-4400F0966387}"
EndProject
Project("{FAE04EC0-301F-11D3-BF4B-00C04F79EFBC}") = "AdvanceTree", "AdvanceTree\AdvanceTree.csproj", "{A40209DA-27BE-42F3-ACB3-4D2EC4F4AE3F}"
EndProject
Project("{FAE04EC0-301F-11D3-BF4B-00C04F79EFBC}") = "DesignLinkedList", "DesignLinkedList\DesignLinkedList.csproj", "{20D4C519-5432-4F1C-9823-DE38C7DC4DFF}"
EndProject
Project("{FAE04EC0-301F-11D3-BF4B-00C04F79EFBC}") = "DoublyLinkedList", "DoublyLinkedList\DoublyLinkedList.csproj", "{2C558305-F460-420F-BDD5-D68B8D0AED18}"
EndProject
Project("{FAE04EC0-301F-11D3-BF4B-00C04F79EFBC}") = "CodingContest", "CodingContest\CodingContest.csproj", "{C7596939-27BF-4865-9B14-17DCCA0C0EF5}"
EndProject
Project("{FAE04EC0-301F-11D3-BF4B-00C04F79EFBC}") = "TriesOfCharacters", "TriesOfCharacters\TriesOfCharacters.csproj", "{BE591447-6A0C-40B4-BCE5-B0DAC97E4994}"
EndProject
Project("{FAE04EC0-301F-11D3-BF4B-00C04F79EFBC}") = "Heaps", "Heaps\Heaps.csproj", "{6E389DAD-6E22-4724-8B85-904D531AEB80}"
EndProject
Project("{FAE04EC0-301F-11D3-BF4B-00C04F79EFBC}") = "GreedyAlgorithms", "GreedyAlgorithms\GreedyAlgorithms.csproj", "{9EF845D0-6929-4D36-9672-24826D98F49A}"
EndProject
Project("{FAE04EC0-301F-11D3-BF4B-00C04F79EFBC}") = "Backtracking", "Backtracking\Backtracking.csproj", "{7E011766-AB23-4923-9CFF-C4615A191A06}"
EndProject
Project("{FAE04EC0-301F-11D3-BF4B-00C04F79EFBC}") = "DP", "DP\DP.csproj", "{6E8C4A5A-6539-4AB5-947E-3564D891BC2F}"
EndProject
Project("{FAE04EC0-301F-11D3-BF4B-00C04F79EFBC}") = "Graphs", "Graphs\Graphs.csproj", "{E771534D-A40F-4D24-8D10-5C949488D251}"
EndProject
Global
	GlobalSection(SolutionConfigurationPlatforms) = preSolution
		Debug|Any CPU = Debug|Any CPU
		Release|Any CPU = Release|Any CPU
	EndGlobalSection
	GlobalSection(ProjectConfigurationPlatforms) = postSolution
		{8ECD6E4F-4C01-4664-ACAA-D7C84A6442EF}.Debug|Any CPU.ActiveCfg = Debug|Any CPU
		{8ECD6E4F-4C01-4664-ACAA-D7C84A6442EF}.Debug|Any CPU.Build.0 = Debug|Any CPU
		{8ECD6E4F-4C01-4664-ACAA-D7C84A6442EF}.Release|Any CPU.ActiveCfg = Release|Any CPU
		{8ECD6E4F-4C01-4664-ACAA-D7C84A6442EF}.Release|Any CPU.Build.0 = Release|Any CPU
		{FD5552E6-253A-4A83-83A9-EFBF1487129D}.Debug|Any CPU.ActiveCfg = Debug|Any CPU
		{FD5552E6-253A-4A83-83A9-EFBF1487129D}.Debug|Any CPU.Build.0 = Debug|Any CPU
		{FD5552E6-253A-4A83-83A9-EFBF1487129D}.Release|Any CPU.ActiveCfg = Release|Any CPU
		{FD5552E6-253A-4A83-83A9-EFBF1487129D}.Release|Any CPU.Build.0 = Release|Any CPU
		{2109CAB3-C83C-4F67-9120-A1D96C4AF204}.Debug|Any CPU.ActiveCfg = Debug|Any CPU
		{2109CAB3-C83C-4F67-9120-A1D96C4AF204}.Debug|Any CPU.Build.0 = Debug|Any CPU
		{2109CAB3-C83C-4F67-9120-A1D96C4AF204}.Release|Any CPU.ActiveCfg = Release|Any CPU
		{2109CAB3-C83C-4F67-9120-A1D96C4AF204}.Release|Any CPU.Build.0 = Release|Any CPU
		{BD65AC7B-87A3-4108-BBC7-7362D133E052}.Debug|Any CPU.ActiveCfg = Debug|Any CPU
		{BD65AC7B-87A3-4108-BBC7-7362D133E052}.Debug|Any CPU.Build.0 = Debug|Any CPU
		{BD65AC7B-87A3-4108-BBC7-7362D133E052}.Release|Any CPU.ActiveCfg = Release|Any CPU
		{BD65AC7B-87A3-4108-BBC7-7362D133E052}.Release|Any CPU.Build.0 = Release|Any CPU
		{2EF26941-C2D8-4B3B-AFE4-39E429E1CAC2}.Debug|Any CPU.ActiveCfg = Debug|Any CPU
		{2EF26941-C2D8-4B3B-AFE4-39E429E1CAC2}.Debug|Any CPU.Build.0 = Debug|Any CPU
		{2EF26941-C2D8-4B3B-AFE4-39E429E1CAC2}.Release|Any CPU.ActiveCfg = Release|Any CPU
		{2EF26941-C2D8-4B3B-AFE4-39E429E1CAC2}.Release|Any CPU.Build.0 = Release|Any CPU
		{8A73CA63-A572-40B1-9EBA-3A1FA837E62C}.Debug|Any CPU.ActiveCfg = Debug|Any CPU
		{8A73CA63-A572-40B1-9EBA-3A1FA837E62C}.Debug|Any CPU.Build.0 = Debug|Any CPU
		{8A73CA63-A572-40B1-9EBA-3A1FA837E62C}.Release|Any CPU.ActiveCfg = Release|Any CPU
		{8A73CA63-A572-40B1-9EBA-3A1FA837E62C}.Release|Any CPU.Build.0 = Release|Any CPU
		{09CAB6A9-4EC0-4C86-84F0-419A60615DCE}.Debug|Any CPU.ActiveCfg = Debug|Any CPU
		{09CAB6A9-4EC0-4C86-84F0-419A60615DCE}.Debug|Any CPU.Build.0 = Debug|Any CPU
		{09CAB6A9-4EC0-4C86-84F0-419A60615DCE}.Release|Any CPU.ActiveCfg = Release|Any CPU
		{09CAB6A9-4EC0-4C86-84F0-419A60615DCE}.Release|Any CPU.Build.0 = Release|Any CPU
		{D0D20C7A-F2BE-4966-A725-597F105B29B1}.Debug|Any CPU.ActiveCfg = Debug|Any CPU
		{D0D20C7A-F2BE-4966-A725-597F105B29B1}.Debug|Any CPU.Build.0 = Debug|Any CPU
		{D0D20C7A-F2BE-4966-A725-597F105B29B1}.Release|Any CPU.ActiveCfg = Release|Any CPU
		{D0D20C7A-F2BE-4966-A725-597F105B29B1}.Release|Any CPU.Build.0 = Release|Any CPU
		{6529CE47-54D3-46D6-A3BE-F610BD0E512E}.Debug|Any CPU.ActiveCfg = Debug|Any CPU
		{6529CE47-54D3-46D6-A3BE-F610BD0E512E}.Debug|Any CPU.Build.0 = Debug|Any CPU
		{6529CE47-54D3-46D6-A3BE-F610BD0E512E}.Release|Any CPU.ActiveCfg = Release|Any CPU
		{6529CE47-54D3-46D6-A3BE-F610BD0E512E}.Release|Any CPU.Build.0 = Release|Any CPU
		{5DAD9099-FB49-4D3D-93A1-AF8BBA449453}.Debug|Any CPU.ActiveCfg = Debug|Any CPU
		{5DAD9099-FB49-4D3D-93A1-AF8BBA449453}.Debug|Any CPU.Build.0 = Debug|Any CPU
		{5DAD9099-FB49-4D3D-93A1-AF8BBA449453}.Release|Any CPU.ActiveCfg = Release|Any CPU
		{5DAD9099-FB49-4D3D-93A1-AF8BBA449453}.Release|Any CPU.Build.0 = Release|Any CPU
		{AD91BA1F-074D-47AD-B4BE-AB3D9CCF0427}.Debug|Any CPU.ActiveCfg = Debug|Any CPU
		{AD91BA1F-074D-47AD-B4BE-AB3D9CCF0427}.Debug|Any CPU.Build.0 = Debug|Any CPU
		{AD91BA1F-074D-47AD-B4BE-AB3D9CCF0427}.Release|Any CPU.ActiveCfg = Release|Any CPU
		{AD91BA1F-074D-47AD-B4BE-AB3D9CCF0427}.Release|Any CPU.Build.0 = Release|Any CPU
		{63942885-5239-42FF-A2C4-62D3EAFF1DBE}.Debug|Any CPU.ActiveCfg = Debug|Any CPU
		{63942885-5239-42FF-A2C4-62D3EAFF1DBE}.Debug|Any CPU.Build.0 = Debug|Any CPU
		{63942885-5239-42FF-A2C4-62D3EAFF1DBE}.Release|Any CPU.ActiveCfg = Release|Any CPU
		{63942885-5239-42FF-A2C4-62D3EAFF1DBE}.Release|Any CPU.Build.0 = Release|Any CPU
		{31283395-C335-4BE3-BC6E-BB64964AA0D1}.Debug|Any CPU.ActiveCfg = Debug|Any CPU
		{31283395-C335-4BE3-BC6E-BB64964AA0D1}.Debug|Any CPU.Build.0 = Debug|Any CPU
		{31283395-C335-4BE3-BC6E-BB64964AA0D1}.Release|Any CPU.ActiveCfg = Release|Any CPU
		{31283395-C335-4BE3-BC6E-BB64964AA0D1}.Release|Any CPU.Build.0 = Release|Any CPU
		{FAF2CF7E-A290-4A4B-B942-DDC4EDBA784E}.Debug|Any CPU.ActiveCfg = Debug|Any CPU
		{FAF2CF7E-A290-4A4B-B942-DDC4EDBA784E}.Debug|Any CPU.Build.0 = Debug|Any CPU
		{FAF2CF7E-A290-4A4B-B942-DDC4EDBA784E}.Release|Any CPU.ActiveCfg = Release|Any CPU
		{FAF2CF7E-A290-4A4B-B942-DDC4EDBA784E}.Release|Any CPU.Build.0 = Release|Any CPU
		{E3F2F3B7-68AF-47F9-88F9-CE8A5D88AC25}.Debug|Any CPU.ActiveCfg = Debug|Any CPU
		{E3F2F3B7-68AF-47F9-88F9-CE8A5D88AC25}.Debug|Any CPU.Build.0 = Debug|Any CPU
		{E3F2F3B7-68AF-47F9-88F9-CE8A5D88AC25}.Release|Any CPU.ActiveCfg = Release|Any CPU
		{E3F2F3B7-68AF-47F9-88F9-CE8A5D88AC25}.Release|Any CPU.Build.0 = Release|Any CPU
		{038235B4-FDAB-4EF1-A4DB-2F1E3D17E40B}.Debug|Any CPU.ActiveCfg = Debug|Any CPU
		{038235B4-FDAB-4EF1-A4DB-2F1E3D17E40B}.Debug|Any CPU.Build.0 = Debug|Any CPU
		{038235B4-FDAB-4EF1-A4DB-2F1E3D17E40B}.Release|Any CPU.ActiveCfg = Release|Any CPU
		{038235B4-FDAB-4EF1-A4DB-2F1E3D17E40B}.Release|Any CPU.Build.0 = Release|Any CPU
		{1A0E790C-0A9B-4CF8-87F9-3B3BDBB8169F}.Debug|Any CPU.ActiveCfg = Debug|Any CPU
		{1A0E790C-0A9B-4CF8-87F9-3B3BDBB8169F}.Debug|Any CPU.Build.0 = Debug|Any CPU
		{1A0E790C-0A9B-4CF8-87F9-3B3BDBB8169F}.Release|Any CPU.ActiveCfg = Release|Any CPU
		{1A0E790C-0A9B-4CF8-87F9-3B3BDBB8169F}.Release|Any CPU.Build.0 = Release|Any CPU
		{A7BD0709-00F7-405D-8C57-6F13C84BF665}.Debug|Any CPU.ActiveCfg = Debug|Any CPU
		{A7BD0709-00F7-405D-8C57-6F13C84BF665}.Debug|Any CPU.Build.0 = Debug|Any CPU
		{A7BD0709-00F7-405D-8C57-6F13C84BF665}.Release|Any CPU.ActiveCfg = Release|Any CPU
		{A7BD0709-00F7-405D-8C57-6F13C84BF665}.Release|Any CPU.Build.0 = Release|Any CPU
		{FCECCCF2-9A99-4EF1-959B-A24897A4F748}.Debug|Any CPU.ActiveCfg = Debug|Any CPU
		{FCECCCF2-9A99-4EF1-959B-A24897A4F748}.Debug|Any CPU.Build.0 = Debug|Any CPU
		{FCECCCF2-9A99-4EF1-959B-A24897A4F748}.Release|Any CPU.ActiveCfg = Release|Any CPU
		{FCECCCF2-9A99-4EF1-959B-A24897A4F748}.Release|Any CPU.Build.0 = Release|Any CPU
		{78FD9D14-E478-47B6-81D3-930D6F5549E2}.Debug|Any CPU.ActiveCfg = Debug|Any CPU
		{78FD9D14-E478-47B6-81D3-930D6F5549E2}.Debug|Any CPU.Build.0 = Debug|Any CPU
		{78FD9D14-E478-47B6-81D3-930D6F5549E2}.Release|Any CPU.ActiveCfg = Release|Any CPU
		{78FD9D14-E478-47B6-81D3-930D6F5549E2}.Release|Any CPU.Build.0 = Release|Any CPU
		{651B5254-B60D-4538-AB79-BC4B60C2395A}.Debug|Any CPU.ActiveCfg = Debug|Any CPU
		{651B5254-B60D-4538-AB79-BC4B60C2395A}.Debug|Any CPU.Build.0 = Debug|Any CPU
		{651B5254-B60D-4538-AB79-BC4B60C2395A}.Release|Any CPU.ActiveCfg = Release|Any CPU
		{651B5254-B60D-4538-AB79-BC4B60C2395A}.Release|Any CPU.Build.0 = Release|Any CPU
		{2BC09AEC-A4FE-4390-8094-9C9511608101}.Debug|Any CPU.ActiveCfg = Debug|Any CPU
		{2BC09AEC-A4FE-4390-8094-9C9511608101}.Debug|Any CPU.Build.0 = Debug|Any CPU
		{2BC09AEC-A4FE-4390-8094-9C9511608101}.Release|Any CPU.ActiveCfg = Release|Any CPU
		{2BC09AEC-A4FE-4390-8094-9C9511608101}.Release|Any CPU.Build.0 = Release|Any CPU
		{8FE23E12-2D00-4AD4-8E52-DA5E219F39DB}.Debug|Any CPU.ActiveCfg = Debug|Any CPU
		{8FE23E12-2D00-4AD4-8E52-DA5E219F39DB}.Debug|Any CPU.Build.0 = Debug|Any CPU
		{8FE23E12-2D00-4AD4-8E52-DA5E219F39DB}.Release|Any CPU.ActiveCfg = Release|Any CPU
		{8FE23E12-2D00-4AD4-8E52-DA5E219F39DB}.Release|Any CPU.Build.0 = Release|Any CPU
		{0D9BF1B6-E0E8-48AD-920C-D6710F6999B2}.Debug|Any CPU.ActiveCfg = Debug|Any CPU
		{0D9BF1B6-E0E8-48AD-920C-D6710F6999B2}.Debug|Any CPU.Build.0 = Debug|Any CPU
		{0D9BF1B6-E0E8-48AD-920C-D6710F6999B2}.Release|Any CPU.ActiveCfg = Release|Any CPU
		{0D9BF1B6-E0E8-48AD-920C-D6710F6999B2}.Release|Any CPU.Build.0 = Release|Any CPU
		{B1507C95-D7D6-46FE-A1B6-38E5BFEE63DA}.Debug|Any CPU.ActiveCfg = Debug|Any CPU
		{B1507C95-D7D6-46FE-A1B6-38E5BFEE63DA}.Debug|Any CPU.Build.0 = Debug|Any CPU
		{B1507C95-D7D6-46FE-A1B6-38E5BFEE63DA}.Release|Any CPU.ActiveCfg = Release|Any CPU
		{B1507C95-D7D6-46FE-A1B6-38E5BFEE63DA}.Release|Any CPU.Build.0 = Release|Any CPU
		{53DF6EBD-83E1-45AF-83C3-474DFCF13A86}.Debug|Any CPU.ActiveCfg = Debug|Any CPU
		{53DF6EBD-83E1-45AF-83C3-474DFCF13A86}.Debug|Any CPU.Build.0 = Debug|Any CPU
		{53DF6EBD-83E1-45AF-83C3-474DFCF13A86}.Release|Any CPU.ActiveCfg = Release|Any CPU
		{53DF6EBD-83E1-45AF-83C3-474DFCF13A86}.Release|Any CPU.Build.0 = Release|Any CPU
		{0E241BA2-E89D-48E8-8AAF-657FCF63E439}.Debug|Any CPU.ActiveCfg = Debug|Any CPU
		{0E241BA2-E89D-48E8-8AAF-657FCF63E439}.Debug|Any CPU.Build.0 = Debug|Any CPU
		{0E241BA2-E89D-48E8-8AAF-657FCF63E439}.Release|Any CPU.ActiveCfg = Release|Any CPU
		{0E241BA2-E89D-48E8-8AAF-657FCF63E439}.Release|Any CPU.Build.0 = Release|Any CPU
		{D4E8F21D-F81F-45AC-8E97-7AA62464E305}.Debug|Any CPU.ActiveCfg = Debug|Any CPU
		{D4E8F21D-F81F-45AC-8E97-7AA62464E305}.Debug|Any CPU.Build.0 = Debug|Any CPU
		{D4E8F21D-F81F-45AC-8E97-7AA62464E305}.Release|Any CPU.ActiveCfg = Release|Any CPU
		{D4E8F21D-F81F-45AC-8E97-7AA62464E305}.Release|Any CPU.Build.0 = Release|Any CPU
		{6E32620C-1D4A-4C64-96A8-AD6F7B2D6A65}.Debug|Any CPU.ActiveCfg = Debug|Any CPU
		{6E32620C-1D4A-4C64-96A8-AD6F7B2D6A65}.Debug|Any CPU.Build.0 = Debug|Any CPU
		{6E32620C-1D4A-4C64-96A8-AD6F7B2D6A65}.Release|Any CPU.ActiveCfg = Release|Any CPU
		{6E32620C-1D4A-4C64-96A8-AD6F7B2D6A65}.Release|Any CPU.Build.0 = Release|Any CPU
		{7849D9E1-F031-43C9-A0D7-32ADDB460CBF}.Debug|Any CPU.ActiveCfg = Debug|Any CPU
		{7849D9E1-F031-43C9-A0D7-32ADDB460CBF}.Debug|Any CPU.Build.0 = Debug|Any CPU
		{7849D9E1-F031-43C9-A0D7-32ADDB460CBF}.Release|Any CPU.ActiveCfg = Release|Any CPU
		{7849D9E1-F031-43C9-A0D7-32ADDB460CBF}.Release|Any CPU.Build.0 = Release|Any CPU
		{2E45B7F9-D63C-47D3-A4CA-976E4790476D}.Debug|Any CPU.ActiveCfg = Debug|Any CPU
		{2E45B7F9-D63C-47D3-A4CA-976E4790476D}.Debug|Any CPU.Build.0 = Debug|Any CPU
		{2E45B7F9-D63C-47D3-A4CA-976E4790476D}.Release|Any CPU.ActiveCfg = Release|Any CPU
		{2E45B7F9-D63C-47D3-A4CA-976E4790476D}.Release|Any CPU.Build.0 = Release|Any CPU
		{58B92BEA-20A8-48DE-B5B1-4400F0966387}.Debug|Any CPU.ActiveCfg = Debug|Any CPU
		{58B92BEA-20A8-48DE-B5B1-4400F0966387}.Debug|Any CPU.Build.0 = Debug|Any CPU
		{58B92BEA-20A8-48DE-B5B1-4400F0966387}.Release|Any CPU.ActiveCfg = Release|Any CPU
		{58B92BEA-20A8-48DE-B5B1-4400F0966387}.Release|Any CPU.Build.0 = Release|Any CPU
		{A40209DA-27BE-42F3-ACB3-4D2EC4F4AE3F}.Debug|Any CPU.ActiveCfg = Debug|Any CPU
		{A40209DA-27BE-42F3-ACB3-4D2EC4F4AE3F}.Debug|Any CPU.Build.0 = Debug|Any CPU
		{A40209DA-27BE-42F3-ACB3-4D2EC4F4AE3F}.Release|Any CPU.ActiveCfg = Release|Any CPU
		{A40209DA-27BE-42F3-ACB3-4D2EC4F4AE3F}.Release|Any CPU.Build.0 = Release|Any CPU
		{20D4C519-5432-4F1C-9823-DE38C7DC4DFF}.Debug|Any CPU.ActiveCfg = Debug|Any CPU
		{20D4C519-5432-4F1C-9823-DE38C7DC4DFF}.Debug|Any CPU.Build.0 = Debug|Any CPU
		{20D4C519-5432-4F1C-9823-DE38C7DC4DFF}.Release|Any CPU.ActiveCfg = Release|Any CPU
		{20D4C519-5432-4F1C-9823-DE38C7DC4DFF}.Release|Any CPU.Build.0 = Release|Any CPU
		{2C558305-F460-420F-BDD5-D68B8D0AED18}.Debug|Any CPU.ActiveCfg = Debug|Any CPU
		{2C558305-F460-420F-BDD5-D68B8D0AED18}.Debug|Any CPU.Build.0 = Debug|Any CPU
		{2C558305-F460-420F-BDD5-D68B8D0AED18}.Release|Any CPU.ActiveCfg = Release|Any CPU
		{2C558305-F460-420F-BDD5-D68B8D0AED18}.Release|Any CPU.Build.0 = Release|Any CPU
		{C7596939-27BF-4865-9B14-17DCCA0C0EF5}.Debug|Any CPU.ActiveCfg = Debug|Any CPU
		{C7596939-27BF-4865-9B14-17DCCA0C0EF5}.Debug|Any CPU.Build.0 = Debug|Any CPU
		{C7596939-27BF-4865-9B14-17DCCA0C0EF5}.Release|Any CPU.ActiveCfg = Release|Any CPU
		{C7596939-27BF-4865-9B14-17DCCA0C0EF5}.Release|Any CPU.Build.0 = Release|Any CPU
		{BE591447-6A0C-40B4-BCE5-B0DAC97E4994}.Debug|Any CPU.ActiveCfg = Debug|Any CPU
		{BE591447-6A0C-40B4-BCE5-B0DAC97E4994}.Debug|Any CPU.Build.0 = Debug|Any CPU
		{BE591447-6A0C-40B4-BCE5-B0DAC97E4994}.Release|Any CPU.ActiveCfg = Release|Any CPU
		{BE591447-6A0C-40B4-BCE5-B0DAC97E4994}.Release|Any CPU.Build.0 = Release|Any CPU
		{6E389DAD-6E22-4724-8B85-904D531AEB80}.Debug|Any CPU.ActiveCfg = Debug|Any CPU
		{6E389DAD-6E22-4724-8B85-904D531AEB80}.Debug|Any CPU.Build.0 = Debug|Any CPU
		{6E389DAD-6E22-4724-8B85-904D531AEB80}.Release|Any CPU.ActiveCfg = Release|Any CPU
		{6E389DAD-6E22-4724-8B85-904D531AEB80}.Release|Any CPU.Build.0 = Release|Any CPU
		{9EF845D0-6929-4D36-9672-24826D98F49A}.Debug|Any CPU.ActiveCfg = Debug|Any CPU
		{9EF845D0-6929-4D36-9672-24826D98F49A}.Debug|Any CPU.Build.0 = Debug|Any CPU
		{9EF845D0-6929-4D36-9672-24826D98F49A}.Release|Any CPU.ActiveCfg = Release|Any CPU
		{9EF845D0-6929-4D36-9672-24826D98F49A}.Release|Any CPU.Build.0 = Release|Any CPU
		{7E011766-AB23-4923-9CFF-C4615A191A06}.Debug|Any CPU.ActiveCfg = Debug|Any CPU
		{7E011766-AB23-4923-9CFF-C4615A191A06}.Debug|Any CPU.Build.0 = Debug|Any CPU
		{7E011766-AB23-4923-9CFF-C4615A191A06}.Release|Any CPU.ActiveCfg = Release|Any CPU
		{7E011766-AB23-4923-9CFF-C4615A191A06}.Release|Any CPU.Build.0 = Release|Any CPU
		{6E8C4A5A-6539-4AB5-947E-3564D891BC2F}.Debug|Any CPU.ActiveCfg = Debug|Any CPU
		{6E8C4A5A-6539-4AB5-947E-3564D891BC2F}.Debug|Any CPU.Build.0 = Debug|Any CPU
		{6E8C4A5A-6539-4AB5-947E-3564D891BC2F}.Release|Any CPU.ActiveCfg = Release|Any CPU
		{6E8C4A5A-6539-4AB5-947E-3564D891BC2F}.Release|Any CPU.Build.0 = Release|Any CPU
		{E771534D-A40F-4D24-8D10-5C949488D251}.Debug|Any CPU.ActiveCfg = Debug|Any CPU
		{E771534D-A40F-4D24-8D10-5C949488D251}.Debug|Any CPU.Build.0 = Debug|Any CPU
		{E771534D-A40F-4D24-8D10-5C949488D251}.Release|Any CPU.ActiveCfg = Release|Any CPU
		{E771534D-A40F-4D24-8D10-5C949488D251}.Release|Any CPU.Build.0 = Release|Any CPU
	EndGlobalSection
	GlobalSection(SolutionProperties) = preSolution
		HideSolutionNode = FALSE
	EndGlobalSection
	GlobalSection(ExtensibilityGlobals) = postSolution
		SolutionGuid = {13D85F9B-9D4E-4182-AEAF-FEFD2A2C47B6}
	EndGlobalSection
EndGlobal
